{
  "name": "uni-ateneo",
  "version": "0.0.0",
  "lockfileVersion": 1,
  "requires": true,
  "dependencies": {
    "sql.js": {
      "version": "1.7.0",
      "resolved": "https://registry.npmjs.org/sql.js/-/sql.js-1.7.0.tgz",
      "integrity": "sha512-qAfft3xkSgHqmmfNugWTp/59PsqIw8gbeao5TZmpmzQQsAJ49de3iDDKuxVixidYs6dkHNksY8m27v2dZNn2jw=="
    }
  }
}
